
Microsoft Visual Studio Solution File, Format Version 12.00
# Visual Studio Version 16
VisualStudioVersion = 16.0.31613.86
MinimumVisualStudioVersion = 10.0.40219.1
Project("{FAE04EC0-301F-11D3-BF4B-00C04F79EFBC}") = "ClaramontanaBibliography.WebApi", "ClaramontanaBibliography.WebApi\ClaramontanaBibliography.WebApi.csproj", "{56B9A065-1C70-43A5-93AC-3D3667BF74D7}"
EndProject
Global
	GlobalSection(SolutionConfigurationPlatforms) = preSolution
		Debug|Any CPU = Debug|Any CPU
		Release|Any CPU = Release|Any CPU
	EndGlobalSection
	GlobalSection(ProjectConfigurationPlatforms) = postSolution
		{56B9A065-1C70-43A5-93AC-3D3667BF74D7}.Debug|Any CPU.ActiveCfg = Debug|Any CPU
		{56B9A065-1C70-43A5-93AC-3D3667BF74D7}.Debug|Any CPU.Build.0 = Debug|Any CPU
		{56B9A065-1C70-43A5-93AC-3D3667BF74D7}.Release|Any CPU.ActiveCfg = Release|Any CPU
		{56B9A065-1C70-43A5-93AC-3D3667BF74D7}.Release|Any CPU.Build.0 = Release|Any CPU
	EndGlobalSection
	GlobalSection(SolutionProperties) = preSolution
		HideSolutionNode = FALSE
	EndGlobalSection
	GlobalSection(ExtensibilityGlobals) = postSolution
		SolutionGuid = {579375C1-9062-4589-83F1-87A4C25086FE}
	EndGlobalSection
EndGlobal
